// !$*UTF8*$!
{
	archiveVersion = 1;
	classes = {
	};
	objectVersion = 56;
	objects = {

/* Begin PBXBuildFile section */
		E21289702B2FECC70036C14F /* Meals_SeafoodApp.swift in Sources */ = {isa = PBXBuildFile; fileRef = E212896F2B2FECC70036C14F /* Meals_SeafoodApp.swift */; };
		E21289742B2FECC80036C14F /* Assets.xcassets in Resources */ = {isa = PBXBuildFile; fileRef = E21289732B2FECC80036C14F /* Assets.xcassets */; };
		E21289772B2FECC80036C14F /* Preview Assets.xcassets in Resources */ = {isa = PBXBuildFile; fileRef = E21289762B2FECC80036C14F /* Preview Assets.xcassets */; };
		E21289812B2FED4A0036C14F /* Meals.swift in Sources */ = {isa = PBXBuildFile; fileRef = E21289802B2FED4A0036C14F /* Meals.swift */; };
		E21289832B2FED590036C14F /* APIListManager.swift in Sources */ = {isa = PBXBuildFile; fileRef = E21289822B2FED590036C14F /* APIListManager.swift */; };
		E2DD69592B3077D5002BB286 /* Alamofire in Frameworks */ = {isa = PBXBuildFile; productRef = E2DD69582B3077D5002BB286 /* Alamofire */; };
		E2DD695B2B30781C002BB286 /* SeaFoodView.swift in Sources */ = {isa = PBXBuildFile; fileRef = E2DD695A2B30781C002BB286 /* SeaFoodView.swift */; };
		E2DD695D2B307B47002BB286 /* DetailView.swift in Sources */ = {isa = PBXBuildFile; fileRef = E2DD695C2B307B47002BB286 /* DetailView.swift */; };
		E2DD695F2B307D9F002BB286 /* APIDetailManager.swift in Sources */ = {isa = PBXBuildFile; fileRef = E2DD695E2B307D9F002BB286 /* APIDetailManager.swift */; };
		E2DD69612B307DC5002BB286 /* MealDetail.swift in Sources */ = {isa = PBXBuildFile; fileRef = E2DD69602B307DC5002BB286 /* MealDetail.swift */; };
		E2DD69642B308062002BB286 /* SDWebImage in Frameworks */ = {isa = PBXBuildFile; productRef = E2DD69632B308062002BB286 /* SDWebImage */; };
		E2DD69662B308062002BB286 /* SDWebImageMapKit in Frameworks */ = {isa = PBXBuildFile; productRef = E2DD69652B308062002BB286 /* SDWebImageMapKit */; };
		E2DD69692B308E4A002BB286 /* SDWebImageSwiftUI in Frameworks */ = {isa = PBXBuildFile; productRef = E2DD69682B308E4A002BB286 /* SDWebImageSwiftUI */; };
/* End PBXBuildFile section */

/* Begin PBXFileReference section */
		E212896C2B2FECC70036C14F /* Meals_Seafood.app */ = {isa = PBXFileReference; explicitFileType = wrapper.application; includeInIndex = 0; path = Meals_Seafood.app; sourceTree = BUILT_PRODUCTS_DIR; };
		E212896F2B2FECC70036C14F /* Meals_SeafoodApp.swift */ = {isa = PBXFileReference; lastKnownFileType = sourcecode.swift; path = Meals_SeafoodApp.swift; sourceTree = "<group>"; };
		E21289732B2FECC80036C14F /* Assets.xcassets */ = {isa = PBXFileReference; lastKnownFileType = folder.assetcatalog; path = Assets.xcassets; sourceTree = "<group>"; };
		E21289762B2FECC80036C14F /* Preview Assets.xcassets */ = {isa = PBXFileReference; lastKnownFileType = folder.assetcatalog; path = "Preview Assets.xcassets"; sourceTree = "<group>"; };
		E21289802B2FED4A0036C14F /* Meals.swift */ = {isa = PBXFileReference; lastKnownFileType = sourcecode.swift; path = Meals.swift; sourceTree = "<group>"; };
		E21289822B2FED590036C14F /* APIListManager.swift */ = {isa = PBXFileReference; lastKnownFileType = sourcecode.swift; path = APIListManager.swift; sourceTree = "<group>"; };
		E2DD695A2B30781C002BB286 /* SeaFoodView.swift */ = {isa = PBXFileReference; lastKnownFileType = sourcecode.swift; path = SeaFoodView.swift; sourceTree = "<group>"; };
		E2DD695C2B307B47002BB286 /* DetailView.swift */ = {isa = PBXFileReference; lastKnownFileType = sourcecode.swift; path = DetailView.swift; sourceTree = "<group>"; };
		E2DD695E2B307D9F002BB286 /* APIDetailManager.swift */ = {isa = PBXFileReference; lastKnownFileType = sourcecode.swift; path = APIDetailManager.swift; sourceTree = "<group>"; };
		E2DD69602B307DC5002BB286 /* MealDetail.swift */ = {isa = PBXFileReference; lastKnownFileType = sourcecode.swift; path = MealDetail.swift; sourceTree = "<group>"; };
/* End PBXFileReference section */

/* Begin PBXFrameworksBuildPhase section */
		E21289692B2FECC70036C14F /* Frameworks */ = {
			isa = PBXFrameworksBuildPhase;
			buildActionMask = 2147483647;
			files = (
				E2DD69692B308E4A002BB286 /* SDWebImageSwiftUI in Frameworks */,
				E2DD69642B308062002BB286 /* SDWebImage in Frameworks */,
				E2DD69662B308062002BB286 /* SDWebImageMapKit in Frameworks */,
				E2DD69592B3077D5002BB286 /* Alamofire in Frameworks */,
			);
			runOnlyForDeploymentPostprocessing = 0;
		};
/* End PBXFrameworksBuildPhase section */

/* Begin PBXGroup section */
		E21289632B2FECC70036C14F = {
			isa = PBXGroup;
			children = (
				E212896E2B2FECC70036C14F /* Meals_Seafood */,
				E212896D2B2FECC70036C14F /* Products */,
			);
			sourceTree = "<group>";
		};
		E212896D2B2FECC70036C14F /* Products */ = {
			isa = PBXGroup;
			children = (
				E212896C2B2FECC70036C14F /* Meals_Seafood.app */,
			);
			name = Products;
			sourceTree = "<group>";
		};
		E212896E2B2FECC70036C14F /* Meals_Seafood */ = {
			isa = PBXGroup;
			children = (
				E212897F2B2FECF00036C14F /* View */,
				E212897D2B2FECE00036C14F /* Model */,
				E212897E2B2FECE70036C14F /* ViewModel */,
				E212896F2B2FECC70036C14F /* Meals_SeafoodApp.swift */,
				E21289732B2FECC80036C14F /* Assets.xcassets */,
				E21289752B2FECC80036C14F /* Preview Content */,
			);
			path = Meals_Seafood;
			sourceTree = "<group>";
		};
		E21289752B2FECC80036C14F /* Preview Content */ = {
			isa = PBXGroup;
			children = (
				E21289762B2FECC80036C14F /* Preview Assets.xcassets */,
			);
			path = "Preview Content";
			sourceTree = "<group>";
		};
		E212897D2B2FECE00036C14F /* Model */ = {
			isa = PBXGroup;
			children = (
				E21289802B2FED4A0036C14F /* Meals.swift */,
				E2DD69602B307DC5002BB286 /* MealDetail.swift */,
			);
			path = Model;
			sourceTree = "<group>";
		};
		E212897E2B2FECE70036C14F /* ViewModel */ = {
			isa = PBXGroup;
			children = (
				E21289822B2FED590036C14F /* APIListManager.swift */,
				E2DD695E2B307D9F002BB286 /* APIDetailManager.swift */,
			);
			path = ViewModel;
			sourceTree = "<group>";
		};
		E212897F2B2FECF00036C14F /* View */ = {
			isa = PBXGroup;
			children = (
				E2DD695C2B307B47002BB286 /* DetailView.swift */,
				E2DD695A2B30781C002BB286 /* SeaFoodView.swift */,
			);
			path = View;
			sourceTree = "<group>";
		};
/* End PBXGroup section */

/* Begin PBXNativeTarget section */
		E212896B2B2FECC70036C14F /* Meals_Seafood */ = {
			isa = PBXNativeTarget;
			buildConfigurationList = E212897A2B2FECC80036C14F /* Build configuration list for PBXNativeTarget "Meals_Seafood" */;
			buildPhases = (
				E21289682B2FECC70036C14F /* Sources */,
				E21289692B2FECC70036C14F /* Frameworks */,
				E212896A2B2FECC70036C14F /* Resources */,
			);
			buildRules = (
			);
			dependencies = (
			);
			name = Meals_Seafood;
			packageProductDependencies = (
				E2DD69582B3077D5002BB286 /* Alamofire */,
				E2DD69632B308062002BB286 /* SDWebImage */,
				E2DD69652B308062002BB286 /* SDWebImageMapKit */,
				E2DD69682B308E4A002BB286 /* SDWebImageSwiftUI */,
			);
			productName = Meals_Seafood;
			productReference = E212896C2B2FECC70036C14F /* Meals_Seafood.app */;
			productType = "com.apple.product-type.application";
		};
/* End PBXNativeTarget section */

/* Begin PBXProject section */
		E21289642B2FECC70036C14F /* Project object */ = {
			isa = PBXProject;
			attributes = {
				BuildIndependentTargetsInParallel = 1;
				LastSwiftUpdateCheck = 1500;
				LastUpgradeCheck = 1500;
				TargetAttributes = {
					E212896B2B2FECC70036C14F = {
						CreatedOnToolsVersion = 15.0.1;
					};
				};
			};
			buildConfigurationList = E21289672B2FECC70036C14F /* Build configuration list for PBXProject "Meals_Seafood" */;
			compatibilityVersion = "Xcode 14.0";
			developmentRegion = en;
			hasScannedForEncodings = 0;
			knownRegions = (
				en,
				Base,
			);
			mainGroup = E21289632B2FECC70036C14F;
			packageReferences = (
				E2DD69572B3077D5002BB286 /* XCRemoteSwiftPackageReference "Alamofire" */,
				E2DD69622B308062002BB286 /* XCRemoteSwiftPackageReference "SDWebImage" */,
				E2DD69672B308E4A002BB286 /* XCRemoteSwiftPackageReference "SDWebImageSwiftUI" */,
			);
			productRefGroup = E212896D2B2FECC70036C14F /* Products */;
			projectDirPath = "";
			projectRoot = "";
			targets = (
				E212896B2B2FECC70036C14F /* Meals_Seafood */,
			);
		};
/* End PBXProject section */

/* Begin PBXResourcesBuildPhase section */
		E212896A2B2FECC70036C14F /* Resources */ = {
			isa = PBXResourcesBuildPhase;
			buildActionMask = 2147483647;
			files = (
				E21289772B2FECC80036C14F /* Preview Assets.xcassets in Resources */,
				E21289742B2FECC80036C14F /* Assets.xcassets in Resources */,
			);
			runOnlyForDeploymentPostprocessing = 0;
		};
/* End PBXResourcesBuildPhase section */

/* Begin PBXSourcesBuildPhase section */
		E21289682B2FECC70036C14F /* Sources */ = {
			isa = PBXSourcesBuildPhase;
			buildActionMask = 2147483647;
			files = (
				E21289812B2FED4A0036C14F /* Meals.swift in Sources */,
				E2DD695D2B307B47002BB286 /* DetailView.swift in Sources */,
				E21289702B2FECC70036C14F /* Meals_SeafoodApp.swift in Sources */,
				E2DD695F2B307D9F002BB286 /* APIDetailManager.swift in Sources */,
				E2DD69612B307DC5002BB286 /* MealDetail.swift in Sources */,
				E21289832B2FED590036C14F /* APIListManager.swift in Sources */,
				E2DD695B2B30781C002BB286 /* SeaFoodView.swift in Sources */,
			);
			runOnlyForDeploymentPostprocessing = 0;
		};
/* End PBXSourcesBuildPhase section */

/* Begin XCBuildConfiguration section */
		E21289782B2FECC80036C14F /* Debug */ = {
			isa = XCBuildConfiguration;
			buildSettings = {
				ALWAYS_SEARCH_USER_PATHS = NO;
				ASSETCATALOG_COMPILER_GENERATE_SWIFT_ASSET_SYMBOL_EXTENSIONS = YES;
				CLANG_ANALYZER_NONNULL = YES;
				CLANG_ANALYZER_NUMBER_OBJECT_CONVERSION = YES_AGGRESSIVE;
				CLANG_CXX_LANGUAGE_STANDARD = "gnu++20";
				CLANG_ENABLE_MODULES = YES;
				CLANG_ENABLE_OBJC_ARC = YES;
				CLANG_ENABLE_OBJC_WEAK = YES;
				CLANG_WARN_BLOCK_CAPTURE_AUTORELEASING = YES;
				CLANG_WARN_BOOL_CONVERSION = YES;
				CLANG_WARN_COMMA = YES;
				CLANG_WARN_CONSTANT_CONVERSION = YES;
				CLANG_WARN_DEPRECATED_OBJC_IMPLEMENTATIONS = YES;
				CLANG_WARN_DIRECT_OBJC_ISA_USAGE = YES_ERROR;
				CLANG_WARN_DOCUMENTATION_COMMENTS = YES;
				CLANG_WARN_EMPTY_BODY = YES;
				CLANG_WARN_ENUM_CONVERSION = YES;
				CLANG_WARN_INFINITE_RECURSION = YES;
				CLANG_WARN_INT_CONVERSION = YES;
				CLANG_WARN_NON_LITERAL_NULL_CONVERSION = YES;
				CLANG_WARN_OBJC_IMPLICIT_RETAIN_SELF = YES;
				CLANG_WARN_OBJC_LITERAL_CONVERSION = YES;
				CLANG_WARN_OBJC_ROOT_CLASS = YES_ERROR;
				CLANG_WARN_QUOTED_INCLUDE_IN_FRAMEWORK_HEADER = YES;
				CLANG_WARN_RANGE_LOOP_ANALYSIS = YES;
				CLANG_WARN_STRICT_PROTOTYPES = YES;
				CLANG_WARN_SUSPICIOUS_MOVE = YES;
				CLANG_WARN_UNGUARDED_AVAILABILITY = YES_AGGRESSIVE;
				CLANG_WARN_UNREACHABLE_CODE = YES;
				CLANG_WARN__DUPLICATE_METHOD_MATCH = YES;
				COPY_PHASE_STRIP = NO;
				DEBUG_INFORMATION_FORMAT = dwarf;
				ENABLE_STRICT_OBJC_MSGSEND = YES;
				ENABLE_TESTABILITY = YES;
				ENABLE_USER_SCRIPT_SANDBOXING = YES;
				GCC_C_LANGUAGE_STANDARD = gnu17;
				GCC_DYNAMIC_NO_PIC = NO;
				GCC_NO_COMMON_BLOCKS = YES;
				GCC_OPTIMIZATION_LEVEL = 0;
				GCC_PREPROCESSOR_DEFINITIONS = (
					"DEBUG=1",
					"$(inherited)",
				);
				GCC_WARN_64_TO_32_BIT_CONVERSION = YES;
				GCC_WARN_ABOUT_RETURN_TYPE = YES_ERROR;
				GCC_WARN_UNDECLARED_SELECTOR = YES;
				GCC_WARN_UNINITIALIZED_AUTOS = YES_AGGRESSIVE;
				GCC_WARN_UNUSED_FUNCTION = YES;
				GCC_WARN_UNUSED_VARIABLE = YES;
				IPHONEOS_DEPLOYMENT_TARGET = 17.0;
				LOCALIZATION_PREFERS_STRING_CATALOGS = YES;
				MTL_ENABLE_DEBUG_INFO = INCLUDE_SOURCE;
				MTL_FAST_MATH = YES;
				ONLY_ACTIVE_ARCH = YES;
				SDKROOT = iphoneos;
				SWIFT_ACTIVE_COMPILATION_CONDITIONS = "DEBUG $(inherited)";
				SWIFT_OPTIMIZATION_LEVEL = "-Onone";
			};
			name = Debug;
		};
		E21289792B2FECC80036C14F /* Release */ = {
			isa = XCBuildConfiguration;
			buildSettings = {
				ALWAYS_SEARCH_USER_PATHS = NO;
				ASSETCATALOG_COMPILER_GENERATE_SWIFT_ASSET_SYMBOL_EXTENSIONS = YES;
				CLANG_ANALYZER_NONNULL = YES;
				CLANG_ANALYZER_NUMBER_OBJECT_CONVERSION = YES_AGGRESSIVE;
				CLANG_CXX_LANGUAGE_STANDARD = "gnu++20";
				CLANG_ENABLE_MODULES = YES;
				CLANG_ENABLE_OBJC_ARC = YES;
				CLANG_ENABLE_OBJC_WEAK = YES;
				CLANG_WARN_BLOCK_CAPTURE_AUTORELEASING = YES;
				CLANG_WARN_BOOL_CONVERSION = YES;
				CLANG_WARN_COMMA = YES;
				CLANG_WARN_CONSTANT_CONVERSION = YES;
				CLANG_WARN_DEPRECATED_OBJC_IMPLEMENTATIONS = YES;
				CLANG_WARN_DIRECT_OBJC_ISA_USAGE = YES_ERROR;
				CLANG_WARN_DOCUMENTATION_COMMENTS = YES;
				CLANG_WARN_EMPTY_BODY = YES;
				CLANG_WARN_ENUM_CONVERSION = YES;
				CLANG_WARN_INFINITE_RECURSION = YES;
				CLANG_WARN_INT_CONVERSION = YES;
				CLANG_WARN_NON_LITERAL_NULL_CONVERSION = YES;
				CLANG_WARN_OBJC_IMPLICIT_RETAIN_SELF = YES;
				CLANG_WARN_OBJC_LITERAL_CONVERSION = YES;
				CLANG_WARN_OBJC_ROOT_CLASS = YES_ERROR;
				CLANG_WARN_QUOTED_INCLUDE_IN_FRAMEWORK_HEADER = YES;
				CLANG_WARN_RANGE_LOOP_ANALYSIS = YES;
				CLANG_WARN_STRICT_PROTOTYPES = YES;
				CLANG_WARN_SUSPICIOUS_MOVE = YES;
				CLANG_WARN_UNGUARDED_AVAILABILITY = YES_AGGRESSIVE;
				CLANG_WARN_UNREACHABLE_CODE = YES;
				CLANG_WARN__DUPLICATE_METHOD_MATCH = YES;
				COPY_PHASE_STRIP = NO;
				DEBUG_INFORMATION_FORMAT = "dwarf-with-dsym";
				ENABLE_NS_ASSERTIONS = NO;
				ENABLE_STRICT_OBJC_MSGSEND = YES;
				ENABLE_USER_SCRIPT_SANDBOXING = YES;
				GCC_C_LANGUAGE_STANDARD = gnu17;
				GCC_NO_COMMON_BLOCKS = YES;
				GCC_WARN_64_TO_32_BIT_CONVERSION = YES;
				GCC_WARN_ABOUT_RETURN_TYPE = YES_ERROR;
				GCC_WARN_UNDECLARED_SELECTOR = YES;
				GCC_WARN_UNINITIALIZED_AUTOS = YES_AGGRESSIVE;
				GCC_WARN_UNUSED_FUNCTION = YES;
				GCC_WARN_UNUSED_VARIABLE = YES;
				IPHONEOS_DEPLOYMENT_TARGET = 17.0;
				LOCALIZATION_PREFERS_STRING_CATALOGS = YES;
				MTL_ENABLE_DEBUG_INFO = NO;
				MTL_FAST_MATH = YES;
				SDKROOT = iphoneos;
				SWIFT_COMPILATION_MODE = wholemodule;
				VALIDATE_PRODUCT = YES;
			};
			name = Release;
		};
		E212897B2B2FECC80036C14F /* Debug */ = {
			isa = XCBuildConfiguration;
			buildSettings = {
				ASSETCATALOG_COMPILER_APPICON_NAME = AppIcon;
				ASSETCATALOG_COMPILER_GLOBAL_ACCENT_COLOR_NAME = AccentColor;
				CODE_SIGN_STYLE = Automatic;
				CURRENT_PROJECT_VERSION = 1;
				DEVELOPMENT_ASSET_PATHS = "\"Meals_Seafood/Preview Content\"";
				DEVELOPMENT_TEAM = NYP6NH36S6;
				ENABLE_PREVIEWS = YES;
				GENERATE_INFOPLIST_FILE = YES;
				INFOPLIST_KEY_UIApplicationSceneManifest_Generation = YES;
				INFOPLIST_KEY_UIApplicationSupportsIndirectInputEvents = YES;
				INFOPLIST_KEY_UILaunchScreen_Generation = YES;
				INFOPLIST_KEY_UISupportedInterfaceOrientations_iPad = "UIInterfaceOrientationPortrait UIInterfaceOrientationPortraitUpsideDown UIInterfaceOrientationLandscapeLeft UIInterfaceOrientationLandscapeRight";
				INFOPLIST_KEY_UISupportedInterfaceOrientations_iPhone = "UIInterfaceOrientationPortrait UIInterfaceOrientationLandscapeLeft UIInterfaceOrientationLandscapeRight";
				LD_RUNPATH_SEARCH_PATHS = (
					"$(inherited)",
					"@executable_path/Frameworks",
				);
				MARKETING_VERSION = 1.0;
				PRODUCT_BUNDLE_IDENTIFIER = "irvan.Meals-Seafood";
				PRODUCT_NAME = "$(TARGET_NAME)";
				SWIFT_EMIT_LOC_STRINGS = YES;
				SWIFT_VERSION = 5.0;
				TARGETED_DEVICE_FAMILY = "1,2";
			};
			name = Debug;
		};
		E212897C2B2FECC80036C14F /* Release */ = {
			isa = XCBuildConfiguration;
			buildSettings = {
				ASSETCATALOG_COMPILER_APPICON_NAME = AppIcon;
				ASSETCATALOG_COMPILER_GLOBAL_ACCENT_COLOR_NAME = AccentColor;
				CODE_SIGN_STYLE = Automatic;
				CURRENT_PROJECT_VERSION = 1;
				DEVELOPMENT_ASSET_PATHS = "\"Meals_Seafood/Preview Content\"";
				DEVELOPMENT_TEAM = NYP6NH36S6;
				ENABLE_PREVIEWS = YES;
				GENERATE_INFOPLIST_FILE = YES;
				INFOPLIST_KEY_UIApplicationSceneManifest_Generation = YES;
				INFOPLIST_KEY_UIApplicationSupportsIndirectInputEvents = YES;
				INFOPLIST_KEY_UILaunchScreen_Generation = YES;
				INFOPLIST_KEY_UISupportedInterfaceOrientations_iPad = "UIInterfaceOrientationPortrait UIInterfaceOrientationPortraitUpsideDown UIInterfaceOrientationLandscapeLeft UIInterfaceOrientationLandscapeRight";
				INFOPLIST_KEY_UISupportedInterfaceOrientations_iPhone = "UIInterfaceOrientationPortrait UIInterfaceOrientationLandscapeLeft UIInterfaceOrientationLandscapeRight";
				LD_RUNPATH_SEARCH_PATHS = (
					"$(inherited)",
					"@executable_path/Frameworks",
				);
				MARKETING_VERSION = 1.0;
				PRODUCT_BUNDLE_IDENTIFIER = "irvan.Meals-Seafood";
				PRODUCT_NAME = "$(TARGET_NAME)";
				SWIFT_EMIT_LOC_STRINGS = YES;
				SWIFT_VERSION = 5.0;
				TARGETED_DEVICE_FAMILY = "1,2";
			};
			name = Release;
		};
/* End XCBuildConfiguration section */

/* Begin XCConfigurationList section */
		E21289672B2FECC70036C14F /* Build configuration list for PBXProject "Meals_Seafood" */ = {
			isa = XCConfigurationList;
			buildConfigurations = (
				E21289782B2FECC80036C14F /* Debug */,
				E21289792B2FECC80036C14F /* Release */,
			);
			defaultConfigurationIsVisible = 0;
			defaultConfigurationName = Release;
		};
		E212897A2B2FECC80036C14F /* Build configuration list for PBXNativeTarget "Meals_Seafood" */ = {
			isa = XCConfigurationList;
			buildConfigurations = (
				E212897B2B2FECC80036C14F /* Debug */,
				E212897C2B2FECC80036C14F /* Release */,
			);
			defaultConfigurationIsVisible = 0;
			defaultConfigurationName = Release;
		};
/* End XCConfigurationList section */

/* Begin XCRemoteSwiftPackageReference section */
		E2DD69572B3077D5002BB286 /* XCRemoteSwiftPackageReference "Alamofire" */ = {
			isa = XCRemoteSwiftPackageReference;
			repositoryURL = "https://github.com/Alamofire/Alamofire.git";
			requirement = {
				kind = upToNextMajorVersion;
				minimumVersion = 5.8.1;
			};
		};
		E2DD69622B308062002BB286 /* XCRemoteSwiftPackageReference "SDWebImage" */ = {
			isa = XCRemoteSwiftPackageReference;
			repositoryURL = "https://github.com/SDWebImage/SDWebImage.git";
			requirement = {
				kind = upToNextMajorVersion;
				minimumVersion = 5.18.7;
			};
		};
		E2DD69672B308E4A002BB286 /* XCRemoteSwiftPackageReference "SDWebImageSwiftUI" */ = {
			isa = XCRemoteSwiftPackageReference;
			repositoryURL = "https://github.com/SDWebImage/SDWebImageSwiftUI.git";
			requirement = {
				kind = upToNextMajorVersion;
				minimumVersion = 2.2.6;
			};
		};
/* End XCRemoteSwiftPackageReference section */

/* Begin XCSwiftPackageProductDependency section */
		E2DD69582B3077D5002BB286 /* Alamofire */ = {
			isa = XCSwiftPackageProductDependency;
			package = E2DD69572B3077D5002BB286 /* XCRemoteSwiftPackageReference "Alamofire" */;
			productName = Alamofire;
		};
		E2DD69632B308062002BB286 /* SDWebImage */ = {
			isa = XCSwiftPackageProductDependency;
			package = E2DD69622B308062002BB286 /* XCRemoteSwiftPackageReference "SDWebImage" */;
			productName = SDWebImage;
		};
		E2DD69652B308062002BB286 /* SDWebImageMapKit */ = {
			isa = XCSwiftPackageProductDependency;
			package = E2DD69622B308062002BB286 /* XCRemoteSwiftPackageReference "SDWebImage" */;
			productName = SDWebImageMapKit;
		};
		E2DD69682B308E4A002BB286 /* SDWebImageSwiftUI */ = {
			isa = XCSwiftPackageProductDependency;
			package = E2DD69672B308E4A002BB286 /* XCRemoteSwiftPackageReference "SDWebImageSwiftUI" */;
			productName = SDWebImageSwiftUI;
		};
/* End XCSwiftPackageProductDependency section */
	};
	rootObject = E21289642B2FECC70036C14F /* Project object */;
}
